
Microsoft Visual Studio Solution File, Format Version 12.00
# Visual Studio 2012
Project("{FAE04EC0-301F-11D3-BF4B-00C04F79EFBC}") = "ASP.net Editable Demo", "ASP.net Editable Demo\ASP.net Editable Demo.csproj", "{EA535C83-E2AF-4FDA-B632-DAD15060AD06}"
EndProject
Global
	GlobalSection(SolutionConfigurationPlatforms) = preSolution
		Debug|Any CPU = Debug|Any CPU
		Release|Any CPU = Release|Any CPU
	EndGlobalSection
	GlobalSection(ProjectConfigurationPlatforms) = postSolution
		{EA535C83-E2AF-4FDA-B632-DAD15060AD06}.Debug|Any CPU.ActiveCfg = Debug|Any CPU
		{EA535C83-E2AF-4FDA-B632-DAD15060AD06}.Debug|Any CPU.Build.0 = Debug|Any CPU
		{EA535C83-E2AF-4FDA-B632-DAD15060AD06}.Release|Any CPU.ActiveCfg = Release|Any CPU
		{EA535C83-E2AF-4FDA-B632-DAD15060AD06}.Release|Any CPU.Build.0 = Release|Any CPU
	EndGlobalSection
	GlobalSection(SolutionProperties) = preSolution
		HideSolutionNode = FALSE
	EndGlobalSection
EndGlobal
